# THIS IS AN AUTOGENERATED FILE. DO NOT EDIT THIS FILE DIRECTLY.
# yarn lockfile v1


"@tensorflow-models/mobilenet@^2.0.4":
  version "2.0.4"
  resolved "https://registry.yarnpkg.com/@tensorflow-models/mobilenet/-/mobilenet-2.0.4.tgz#7f40771fcc650f50febd49be72372d39c15f6f95"

"@tensorflow/tfjs-converter@1.3.2":
  version "1.3.2"
  resolved "https://registry.yarnpkg.com/@tensorflow/tfjs-converter/-/tfjs-converter-1.3.2.tgz#9c75b75edbd56c736735f3ea3d3c53d1e1a2751c"

"@tensorflow/tfjs-core@1.3.2":
  version "1.3.2"
  resolved "https://registry.yarnpkg.com/@tensorflow/tfjs-core/-/tfjs-core-1.3.2.tgz#7dcf66510e404a6564f7f47cd854eff936b58c5a"
  dependencies:
    "@types/offscreencanvas" "~2019.3.0"
    "@types/seedrandom" "2.4.27"
    "@types/webgl-ext" "0.0.30"
    "@types/webgl2" "0.0.4"
    node-fetch "~2.1.2"
    seedrandom "2.4.3"

"@tensorflow/tfjs-data@1.3.2":
  version "1.3.2"
  resolved "https://registry.yarnpkg.com/@tensorflow/tfjs-data/-/tfjs-data-1.3.2.tgz#311c510213b1ba26ebc1d989e21ae0af3feac8be"
  dependencies:
    "@types/node-fetch" "^2.1.2"
    node-fetch "~2.1.2"

"@tensorflow/tfjs-layers@1.3.2":
  version "1.3.2"
  resolved "https://registry.yarnpkg.com/@tensorflow/tfjs-layers/-/tfjs-layers-1.3.2.tgz#1691513bce5d49f95c0aad9ee3a22eda5742828e"

"@tensorflow/tfjs@^1.3.2":
  version "1.3.2"
  resolved "https://registry.yarnpkg.com/@tensorflow/tfjs/-/tfjs-1.3.2.tgz#1a7868a68a52a335e84adea9d544cc150bf86116"
  dependencies:
    "@tensorflow/tfjs-converter" "1.3.2"
    "@tensorflow/tfjs-core" "1.3.2"
    "@tensorflow/tfjs-data" "1.3.2"
    "@tensorflow/tfjs-layers" "1.3.2"

"@types/node-fetch@^2.1.2":
  version "2.5.4"
  resolved "https://registry.yarnpkg.com/@types/node-fetch/-/node-fetch-2.5.4.tgz#5245b6d8841fc3a6208b82291119bc11c4e0ce44"
  dependencies:
    "@types/node" "*"

"@types/node@*":
  version "12.12.12"
  resolved "https://registry.yarnpkg.com/@types/node/-/node-12.12.12.tgz#529bc3e73dbb35dd9e90b0a1c83606a9d3264bdb"

"@types/offscreencanvas@~2019.3.0":
  version "2019.3.0"
  resolved "https://registry.yarnpkg.com/@types/offscreencanvas/-/offscreencanvas-2019.3.0.tgz#3336428ec7e9180cf4566dfea5da04eb586a6553"

"@types/seedrandom@2.4.27":
  version "2.4.27"
  resolved "https://registry.yarnpkg.com/@types/seedrandom/-/seedrandom-2.4.27.tgz#9db563937dd86915f69092bc43259d2f48578e41"

"@types/webgl-ext@0.0.30":
  version "0.0.30"
  resolved "https://registry.yarnpkg.com/@types/webgl-ext/-/webgl-ext-0.0.30.tgz#0ce498c16a41a23d15289e0b844d945b25f0fb9d"

"@types/webgl2@0.0.4":
  version "0.0.4"
  resolved "https://registry.yarnpkg.com/@types/webgl2/-/webgl2-0.0.4.tgz#c3b0f9d6b465c66138e84e64cb3bdf8373c2c279"

node-fetch@~2.1.2:
  version "2.1.2"
  resolved "https://registry.yarnpkg.com/node-fetch/-/node-fetch-2.1.2.tgz#ab884e8e7e57e38a944753cec706f788d1768bb5"

seedrandom@2.4.3:
  version "2.4.3"
  resolved "https://registry.yarnpkg.com/seedrandom/-/seedrandom-2.4.3.tgz#2438504dad33917314bff18ac4d794f16d6aaecc"
